Microsoft Visual Studio Solution File, Format Version 12.00
# Visual Studio Version 16
VisualStudioVersion = 16.0.29306.81
MinimumVisualStudioVersion = 10.0.40219.1
Project("{FAE04EC0-301F-11D3-BF4B-00C04F79EFBC}") = "NKit", "NKit\NKit.csproj", "{7B7C6C51-4581-4F59-AE5C-F40B779680AE}"
EndProject
Project("{2150E333-8FDC-42A3-9474-1A3956D46DE8}") = "Solution Items", "Solution Items", "{7D3B0F7B-E328-4973-80AC-62D0D3249406}"
	ProjectSection(SolutionItems) = preProject
		Issues.txt = Issues.txt
	EndProjectSection
EndProject
Project("{FAE04EC0-301F-11D3-BF4B-00C04F79EFBC}") = "RecoveryExtract", "RecoveryExtract\RecoveryExtract.csproj", "{F095A505-37BF-4F6E-93A0-F5F113A80BCD}"
EndProject
Project("{FAE04EC0-301F-11D3-BF4B-00C04F79EFBC}") = "ConvertToISO", "ConvertToISO\ConvertToISO.csproj", "{94FFF054-3F60-4A0A-9903-C84C44189B3E}"
EndProject
Project("{FAE04EC0-301F-11D3-BF4B-00C04F79EFBC}") = "ConvertToNKit", "ConvertToNKit\ConvertToNKit.csproj", "{44ADA098-4444-42CF-8E07-28D6888AC7AD}"
EndProject
Project("{FAE04EC0-301F-11D3-BF4B-00C04F79EFBC}") = "RecoverToISO", "RecoverToISO\RecoverToISO.csproj", "{44ADA098-3333-42CF-8E07-28D6888AC7AD}"
EndProject
Project("{FAE04EC0-301F-11D3-BF4B-00C04F79EFBC}") = "RecoverToNKit", "RecoverToNKit\RecoverToNKit.csproj", "{44ADA098-2222-42CF-8E07-28D6888AC7AD}"
EndProject
Project("{FAE04EC0-301F-11D3-BF4B-00C04F79EFBC}") = "NKitProcessingApp", "NKitProcessingApp\NKitProcessingApp.csproj", "{C58356FC-514F-48DE-B8B2-B40F58E1965F}"
EndProject
Project("{FAE04EC0-301F-11D3-BF4B-00C04F79EFBC}") = "NKitExtractionApp", "NKitExtractionApp\NKitExtractionApp.csproj", "{C7D22DAC-EA20-412F-A78C-214234F58E60}"
EndProject
Project("{2150E333-8FDC-42A3-9474-1A3956D46DE8}") = "Core", "Core", "{DC411E40-93D4-41EF-BB89-8F7453657F7E}"
EndProject
Project("{9A19103F-16F7-4668-BE54-9A1E7A4F7556}") = "Nanook.NKit.Core", "NKit.Core\Nanook.NKit.Core.csproj", "{8BEFA41E-D560-4D8D-B7AB-F6C30C02B160}"
EndProject
Project("{FAE04EC0-301F-11D3-BF4B-00C04F79EFBC}") = "Nanook.ConvertToISO.Core", "Nanook.ConvertToISO.Core\Nanook.ConvertToISO.Core.csproj", "{F19D8308-E3BF-407F-808A-2402FAF6DFE6}"
EndProject
Project("{FAE04EC0-301F-11D3-BF4B-00C04F79EFBC}") = "Nanook.ConvertToNKit.Core", "Nanook.ConvertToNKit.Core\Nanook.ConvertToNKit.Core.csproj", "{A3CC6D4F-AE9D-46D1-A86C-E609220CCA4F}"
EndProject
Project("{FAE04EC0-301F-11D3-BF4B-00C04F79EFBC}") = "Nanook.RecoverToISO.Core", "Nanook.RecoverToISO.Core\Nanook.RecoverToISO.Core.csproj", "{292E28F3-AF12-43E9-BC05-906726CF81CA}"
EndProject
Project("{FAE04EC0-301F-11D3-BF4B-00C04F79EFBC}") = "Nanook.RecoveryExtract.Core", "Nanook.RecoveryExtract.Core\Nanook.RecoveryExtract.Core.csproj", "{EFB5BB6C-8948-4876-AFF0-6BB9F336C85C}"
EndProject
Project("{FAE04EC0-301F-11D3-BF4B-00C04F79EFBC}") = "Nanook.RecoverToNKit.Core", "Nanook.RecoverToNKit.Core\Nanook.RecoverToNKit.Core.csproj", "{D0F0B4DB-15D0-4EB3-9CF0-782E1F400B10}"
EndProject
Project("{FAE04EC0-301F-11D3-BF4B-00C04F79EFBC}") = "Nanook.NKitExtractionApp.Core", "Nanook.NKitExtractionApp.Core\Nanook.NKitExtractionApp.Core.csproj", "{76BC6B98-99F5-4B09-B5DE-2E26DF0A29FE}"
EndProject
Project("{FAE04EC0-301F-11D3-BF4B-00C04F79EFBC}") = "Nanook.NKitProcessingApp.Core", "Nanook.NKitProcessingApp.Core\Nanook.NKitProcessingApp.Core.csproj", "{9B578E28-1A84-4B55-9CD9-4C0B915EA35C}"
EndProject
Global
	GlobalSection(SolutionConfigurationPlatforms) = preSolution
		Debug|Any CPU = Debug|Any CPU
		Deploy|Any CPU = Deploy|Any CPU
		Release|Any CPU = Release|Any CPU
	EndGlobalSection
	GlobalSection(ProjectConfigurationPlatforms) = postSolution
		{7B7C6C51-4581-4F59-AE5C-F40B779680AE}.Debug|Any CPU.ActiveCfg = Debug|Any CPU
		{7B7C6C51-4581-4F59-AE5C-F40B779680AE}.Debug|Any CPU.Build.0 = Debug|Any CPU
		{7B7C6C51-4581-4F59-AE5C-F40B779680AE}.Deploy|Any CPU.ActiveCfg = Debug|Any CPU
		{7B7C6C51-4581-4F59-AE5C-F40B779680AE}.Deploy|Any CPU.Build.0 = Debug|Any CPU
		{7B7C6C51-4581-4F59-AE5C-F40B779680AE}.Release|Any CPU.ActiveCfg = Release|Any CPU
		{7B7C6C51-4581-4F59-AE5C-F40B779680AE}.Release|Any CPU.Build.0 = Release|Any CPU
		{F095A505-37BF-4F6E-93A0-F5F113A80BCD}.Debug|Any CPU.ActiveCfg = Debug|Any CPU
		{F095A505-37BF-4F6E-93A0-F5F113A80BCD}.Debug|Any CPU.Build.0 = Debug|Any CPU
		{F095A505-37BF-4F6E-93A0-F5F113A80BCD}.Deploy|Any CPU.ActiveCfg = Debug|Any CPU
		{F095A505-37BF-4F6E-93A0-F5F113A80BCD}.Deploy|Any CPU.Build.0 = Debug|Any CPU
		{F095A505-37BF-4F6E-93A0-F5F113A80BCD}.Release|Any CPU.ActiveCfg = Release|Any CPU
		{F095A505-37BF-4F6E-93A0-F5F113A80BCD}.Release|Any CPU.Build.0 = Release|Any CPU
		{94FFF054-3F60-4A0A-9903-C84C44189B3E}.Debug|Any CPU.ActiveCfg = Debug|Any CPU
		{94FFF054-3F60-4A0A-9903-C84C44189B3E}.Debug|Any CPU.Build.0 = Debug|Any CPU
		{94FFF054-3F60-4A0A-9903-C84C44189B3E}.Deploy|Any CPU.ActiveCfg = Debug|Any CPU
		{94FFF054-3F60-4A0A-9903-C84C44189B3E}.Deploy|Any CPU.Build.0 = Debug|Any CPU
		{94FFF054-3F60-4A0A-9903-C84C44189B3E}.Release|Any CPU.ActiveCfg = Release|Any CPU
		{94FFF054-3F60-4A0A-9903-C84C44189B3E}.Release|Any CPU.Build.0 = Release|Any CPU
		{44ADA098-4444-42CF-8E07-28D6888AC7AD}.Debug|Any CPU.ActiveCfg = Debug|Any CPU
		{44ADA098-4444-42CF-8E07-28D6888AC7AD}.Debug|Any CPU.Build.0 = Debug|Any CPU
		{44ADA098-4444-42CF-8E07-28D6888AC7AD}.Deploy|Any CPU.ActiveCfg = Debug|Any CPU
		{44ADA098-4444-42CF-8E07-28D6888AC7AD}.Deploy|Any CPU.Build.0 = Debug|Any CPU
		{44ADA098-4444-42CF-8E07-28D6888AC7AD}.Release|Any CPU.ActiveCfg = Release|Any CPU
		{44ADA098-4444-42CF-8E07-28D6888AC7AD}.Release|Any CPU.Build.0 = Release|Any CPU
		{44ADA098-3333-42CF-8E07-28D6888AC7AD}.Debug|Any CPU.ActiveCfg = Debug|Any CPU
		{44ADA098-3333-42CF-8E07-28D6888AC7AD}.Debug|Any CPU.Build.0 = Debug|Any CPU
		{44ADA098-3333-42CF-8E07-28D6888AC7AD}.Deploy|Any CPU.ActiveCfg = Debug|Any CPU
		{44ADA098-3333-42CF-8E07-28D6888AC7AD}.Deploy|Any CPU.Build.0 = Debug|Any CPU
		{44ADA098-3333-42CF-8E07-28D6888AC7AD}.Release|Any CPU.ActiveCfg = Release|Any CPU
		{44ADA098-3333-42CF-8E07-28D6888AC7AD}.Release|Any CPU.Build.0 = Release|Any CPU
		{44ADA098-2222-42CF-8E07-28D6888AC7AD}.Debug|Any CPU.ActiveCfg = Debug|Any CPU
		{44ADA098-2222-42CF-8E07-28D6888AC7AD}.Debug|Any CPU.Build.0 = Debug|Any CPU
		{44ADA098-2222-42CF-8E07-28D6888AC7AD}.Deploy|Any CPU.ActiveCfg = Debug|Any CPU
		{44ADA098-2222-42CF-8E07-28D6888AC7AD}.Deploy|Any CPU.Build.0 = Debug|Any CPU
		{44ADA098-2222-42CF-8E07-28D6888AC7AD}.Release|Any CPU.ActiveCfg = Release|Any CPU
		{44ADA098-2222-42CF-8E07-28D6888AC7AD}.Release|Any CPU.Build.0 = Release|Any CPU
		{C58356FC-514F-48DE-B8B2-B40F58E1965F}.Debug|Any CPU.ActiveCfg = Debug|Any CPU
		{C58356FC-514F-48DE-B8B2-B40F58E1965F}.Debug|Any CPU.Build.0 = Debug|Any CPU
		{C58356FC-514F-48DE-B8B2-B40F58E1965F}.Deploy|Any CPU.ActiveCfg = Debug|Any CPU
		{C58356FC-514F-48DE-B8B2-B40F58E1965F}.Deploy|Any CPU.Build.0 = Debug|Any CPU
		{C58356FC-514F-48DE-B8B2-B40F58E1965F}.Release|Any CPU.ActiveCfg = Release|Any CPU
		{C58356FC-514F-48DE-B8B2-B40F58E1965F}.Release|Any CPU.Build.0 = Release|Any CPU
		{C7D22DAC-EA20-412F-A78C-214234F58E60}.Debug|Any CPU.ActiveCfg = Debug|Any CPU
		{C7D22DAC-EA20-412F-A78C-214234F58E60}.Debug|Any CPU.Build.0 = Debug|Any CPU
		{C7D22DAC-EA20-412F-A78C-214234F58E60}.Deploy|Any CPU.ActiveCfg = Debug|Any CPU
		{C7D22DAC-EA20-412F-A78C-214234F58E60}.Deploy|Any CPU.Build.0 = Debug|Any CPU
		{C7D22DAC-EA20-412F-A78C-214234F58E60}.Release|Any CPU.ActiveCfg = Release|Any CPU
		{C7D22DAC-EA20-412F-A78C-214234F58E60}.Release|Any CPU.Build.0 = Release|Any CPU
		{8BEFA41E-D560-4D8D-B7AB-F6C30C02B160}.Debug|Any CPU.ActiveCfg = Debug|Any CPU
		{8BEFA41E-D560-4D8D-B7AB-F6C30C02B160}.Debug|Any CPU.Build.0 = Debug|Any CPU
		{8BEFA41E-D560-4D8D-B7AB-F6C30C02B160}.Deploy|Any CPU.ActiveCfg = Debug|Any CPU
		{8BEFA41E-D560-4D8D-B7AB-F6C30C02B160}.Deploy|Any CPU.Build.0 = Debug|Any CPU
		{8BEFA41E-D560-4D8D-B7AB-F6C30C02B160}.Release|Any CPU.ActiveCfg = Release|Any CPU
		{8BEFA41E-D560-4D8D-B7AB-F6C30C02B160}.Release|Any CPU.Build.0 = Release|Any CPU
		{F19D8308-E3BF-407F-808A-2402FAF6DFE6}.Debug|Any CPU.ActiveCfg = Debug|Any CPU
		{F19D8308-E3BF-407F-808A-2402FAF6DFE6}.Debug|Any CPU.Build.0 = Debug|Any CPU
		{F19D8308-E3BF-407F-808A-2402FAF6DFE6}.Deploy|Any CPU.ActiveCfg = Debug|Any CPU
		{F19D8308-E3BF-407F-808A-2402FAF6DFE6}.Deploy|Any CPU.Build.0 = Debug|Any CPU
		{F19D8308-E3BF-407F-808A-2402FAF6DFE6}.Release|Any CPU.ActiveCfg = Release|Any CPU
		{F19D8308-E3BF-407F-808A-2402FAF6DFE6}.Release|Any CPU.Build.0 = Release|Any CPU
		{A3CC6D4F-AE9D-46D1-A86C-E609220CCA4F}.Debug|Any CPU.ActiveCfg = Debug|Any CPU
		{A3CC6D4F-AE9D-46D1-A86C-E609220CCA4F}.Debug|Any CPU.Build.0 = Debug|Any CPU
		{A3CC6D4F-AE9D-46D1-A86C-E609220CCA4F}.Deploy|Any CPU.ActiveCfg = Debug|Any CPU
		{A3CC6D4F-AE9D-46D1-A86C-E609220CCA4F}.Deploy|Any CPU.Build.0 = Debug|Any CPU
		{A3CC6D4F-AE9D-46D1-A86C-E609220CCA4F}.Release|Any CPU.ActiveCfg = Release|Any CPU
		{A3CC6D4F-AE9D-46D1-A86C-E609220CCA4F}.Release|Any CPU.Build.0 = Release|Any CPU
		{292E28F3-AF12-43E9-BC05-906726CF81CA}.Debug|Any CPU.ActiveCfg = Debug|Any CPU
		{292E28F3-AF12-43E9-BC05-906726CF81CA}.Debug|Any CPU.Build.0 = Debug|Any CPU
		{292E28F3-AF12-43E9-BC05-906726CF81CA}.Deploy|Any CPU.ActiveCfg = Debug|Any CPU
		{292E28F3-AF12-43E9-BC05-906726CF81CA}.Deploy|Any CPU.Build.0 = Debug|Any CPU
		{292E28F3-AF12-43E9-BC05-906726CF81CA}.Release|Any CPU.ActiveCfg = Release|Any CPU
		{292E28F3-AF12-43E9-BC05-906726CF81CA}.Release|Any CPU.Build.0 = Release|Any CPU
		{EFB5BB6C-8948-4876-AFF0-6BB9F336C85C}.Debug|Any CPU.ActiveCfg = Debug|Any CPU
		{EFB5BB6C-8948-4876-AFF0-6BB9F336C85C}.Debug|Any CPU.Build.0 = Debug|Any CPU
		{EFB5BB6C-8948-4876-AFF0-6BB9F336C85C}.Deploy|Any CPU.ActiveCfg = Debug|Any CPU
		{EFB5BB6C-8948-4876-AFF0-6BB9F336C85C}.Deploy|Any CPU.Build.0 = Debug|Any CPU
		{EFB5BB6C-8948-4876-AFF0-6BB9F336C85C}.Release|Any CPU.ActiveCfg = Release|Any CPU
		{EFB5BB6C-8948-4876-AFF0-6BB9F336C85C}.Release|Any CPU.Build.0 = Release|Any CPU
		{D0F0B4DB-15D0-4EB3-9CF0-782E1F400B10}.Debug|Any CPU.ActiveCfg = Debug|Any CPU
		{D0F0B4DB-15D0-4EB3-9CF0-782E1F400B10}.Debug|Any CPU.Build.0 = Debug|Any CPU
		{D0F0B4DB-15D0-4EB3-9CF0-782E1F400B10}.Deploy|Any CPU.ActiveCfg = Debug|Any CPU
		{D0F0B4DB-15D0-4EB3-9CF0-782E1F400B10}.Deploy|Any CPU.Build.0 = Debug|Any CPU
		{D0F0B4DB-15D0-4EB3-9CF0-782E1F400B10}.Release|Any CPU.ActiveCfg = Release|Any CPU
		{D0F0B4DB-15D0-4EB3-9CF0-782E1F400B10}.Release|Any CPU.Build.0 = Release|Any CPU
		{76BC6B98-99F5-4B09-B5DE-2E26DF0A29FE}.Debug|Any CPU.ActiveCfg = Debug|Any CPU
		{76BC6B98-99F5-4B09-B5DE-2E26DF0A29FE}.Debug|Any CPU.Build.0 = Debug|Any CPU
		{76BC6B98-99F5-4B09-B5DE-2E26DF0A29FE}.Deploy|Any CPU.ActiveCfg = Debug|Any CPU
		{76BC6B98-99F5-4B09-B5DE-2E26DF0A29FE}.Deploy|Any CPU.Build.0 = Debug|Any CPU
		{76BC6B98-99F5-4B09-B5DE-2E26DF0A29FE}.Release|Any CPU.ActiveCfg = Release|Any CPU
		{76BC6B98-99F5-4B09-B5DE-2E26DF0A29FE}.Release|Any CPU.Build.0 = Release|Any CPU
		{9B578E28-1A84-4B55-9CD9-4C0B915EA35C}.Debug|Any CPU.ActiveCfg = Debug|Any CPU
		{9B578E28-1A84-4B55-9CD9-4C0B915EA35C}.Debug|Any CPU.Build.0 = Debug|Any CPU
		{9B578E28-1A84-4B55-9CD9-4C0B915EA35C}.Deploy|Any CPU.ActiveCfg = Debug|Any CPU
		{9B578E28-1A84-4B55-9CD9-4C0B915EA35C}.Deploy|Any CPU.Build.0 = Debug|Any CPU
		{9B578E28-1A84-4B55-9CD9-4C0B915EA35C}.Release|Any CPU.ActiveCfg = Release|Any CPU
		{9B578E28-1A84-4B55-9CD9-4C0B915EA35C}.Release|Any CPU.Build.0 = Release|Any CPU
	EndGlobalSection
	GlobalSection(SolutionProperties) = preSolution
		HideSolutionNode = FALSE
	EndGlobalSection
	GlobalSection(NestedProjects) = preSolution
		{8BEFA41E-D560-4D8D-B7AB-F6C30C02B160} = {DC411E40-93D4-41EF-BB89-8F7453657F7E}
		{F19D8308-E3BF-407F-808A-2402FAF6DFE6} = {DC411E40-93D4-41EF-BB89-8F7453657F7E}
		{A3CC6D4F-AE9D-46D1-A86C-E609220CCA4F} = {DC411E40-93D4-41EF-BB89-8F7453657F7E}
		{292E28F3-AF12-43E9-BC05-906726CF81CA} = {DC411E40-93D4-41EF-BB89-8F7453657F7E}
		{EFB5BB6C-8948-4876-AFF0-6BB9F336C85C} = {DC411E40-93D4-41EF-BB89-8F7453657F7E}
		{D0F0B4DB-15D0-4EB3-9CF0-782E1F400B10} = {DC411E40-93D4-41EF-BB89-8F7453657F7E}
		{76BC6B98-99F5-4B09-B5DE-2E26DF0A29FE} = {DC411E40-93D4-41EF-BB89-8F7453657F7E}
		{9B578E28-1A84-4B55-9CD9-4C0B915EA35C} = {DC411E40-93D4-41EF-BB89-8F7453657F7E}
	EndGlobalSection
	GlobalSection(ExtensibilityGlobals) = postSolution
		SolutionGuid = {51D107D6-084E-4144-8964-90276DC71A5A}
	EndGlobalSection
EndGlobal
